
Microsoft Visual Studio Solution File, Format Version 12.00
# Visual Studio Version 16
VisualStudioVersion = 16.0.31702.278
MinimumVisualStudioVersion = 10.0.40219.1
Project("{9A19103F-16F7-4668-BE54-9A1E7A4F7556}") = "Angular-Azure", "Angular-Azure.csproj", "{08D85E86-6012-4184-8215-68D728484764}"
EndProject
Global
	GlobalSection(SolutionConfigurationPlatforms) = preSolution
		Debug|Any CPU = Debug|Any CPU
		Release|Any CPU = Release|Any CPU
	EndGlobalSection
	GlobalSection(ProjectConfigurationPlatforms) = postSolution
		{08D85E86-6012-4184-8215-68D728484764}.Debug|Any CPU.ActiveCfg = Debug|Any CPU
		{08D85E86-6012-4184-8215-68D728484764}.Debug|Any CPU.Build.0 = Debug|Any CPU
		{08D85E86-6012-4184-8215-68D728484764}.Release|Any CPU.ActiveCfg = Release|Any CPU
		{08D85E86-6012-4184-8215-68D728484764}.Release|Any CPU.Build.0 = Release|Any CPU
	EndGlobalSection
	GlobalSection(SolutionProperties) = preSolution
		HideSolutionNode = FALSE
	EndGlobalSection
	GlobalSection(ExtensibilityGlobals) = postSolution
		SolutionGuid = {D54B9798-0D44-4272-B005-E9670B43EA54}
	EndGlobalSection
EndGlobal
